
Microsoft Visual Studio Solution File, Format Version 12.00
# Visual Studio 15
VisualStudioVersion = 15.0.27703.2042
MinimumVisualStudioVersion = 10.0.40219.1
Project("{FAE04EC0-301F-11D3-BF4B-00C04F79EFBC}") = "BrUtility", "BrUtility\BrUtility.csproj", "{8C9D918A-04F3-4C23-BD50-7F25684C67A1}"
EndProject
Project("{FAE04EC0-301F-11D3-BF4B-00C04F79EFBC}") = "BrTiledLoader", "BrTiledLoader\BrTiledLoader.csproj", "{95481C71-BB67-4304-99D7-291ADF0A9023}"
EndProject
Project("{FAE04EC0-301F-11D3-BF4B-00C04F79EFBC}") = "BrNineSlice", "BrNineSlice\BrNineSlice.csproj", "{3CC78C9D-8EC7-43C2-B9F2-985F8C66FAA5}"
EndProject
Project("{FAE04EC0-301F-11D3-BF4B-00C04F79EFBC}") = "BrIMGUI", "BrIMGUI\BrIMGUI.csproj", "{102205C6-1B94-43B3-9ADE-EA9DE0FB2C7F}"
EndProject
Project("{FAE04EC0-301F-11D3-BF4B-00C04F79EFBC}") = "BrDialogue", "BrDialogue\BrDialogue.csproj", "{F70803C9-BA77-47C2-863C-543312E5B6CB}"
EndProject
Project("{FAE04EC0-301F-11D3-BF4B-00C04F79EFBC}") = "BrAssetsManager", "BrAssetsManager\BrAssetsManager.csproj", "{A57BDD8D-EF30-42DB-AC43-54D7681FFA7A}"
EndProject
Global
	GlobalSection(SolutionConfigurationPlatforms) = preSolution
		Debug|Any CPU = Debug|Any CPU
		Release|Any CPU = Release|Any CPU
	EndGlobalSection
	GlobalSection(ProjectConfigurationPlatforms) = postSolution
		{8C9D918A-04F3-4C23-BD50-7F25684C67A1}.Debug|Any CPU.ActiveCfg = Debug|Any CPU
		{8C9D918A-04F3-4C23-BD50-7F25684C67A1}.Debug|Any CPU.Build.0 = Debug|Any CPU
		{8C9D918A-04F3-4C23-BD50-7F25684C67A1}.Release|Any CPU.ActiveCfg = Release|Any CPU
		{8C9D918A-04F3-4C23-BD50-7F25684C67A1}.Release|Any CPU.Build.0 = Release|Any CPU
		{95481C71-BB67-4304-99D7-291ADF0A9023}.Debug|Any CPU.ActiveCfg = Debug|Any CPU
		{95481C71-BB67-4304-99D7-291ADF0A9023}.Debug|Any CPU.Build.0 = Debug|Any CPU
		{95481C71-BB67-4304-99D7-291ADF0A9023}.Release|Any CPU.ActiveCfg = Release|Any CPU
		{95481C71-BB67-4304-99D7-291ADF0A9023}.Release|Any CPU.Build.0 = Release|Any CPU
		{3CC78C9D-8EC7-43C2-B9F2-985F8C66FAA5}.Debug|Any CPU.ActiveCfg = Debug|Any CPU
		{3CC78C9D-8EC7-43C2-B9F2-985F8C66FAA5}.Debug|Any CPU.Build.0 = Debug|Any CPU
		{3CC78C9D-8EC7-43C2-B9F2-985F8C66FAA5}.Release|Any CPU.ActiveCfg = Release|Any CPU
		{3CC78C9D-8EC7-43C2-B9F2-985F8C66FAA5}.Release|Any CPU.Build.0 = Release|Any CPU
		{102205C6-1B94-43B3-9ADE-EA9DE0FB2C7F}.Debug|Any CPU.ActiveCfg = Debug|Any CPU
		{102205C6-1B94-43B3-9ADE-EA9DE0FB2C7F}.Debug|Any CPU.Build.0 = Debug|Any CPU
		{102205C6-1B94-43B3-9ADE-EA9DE0FB2C7F}.Release|Any CPU.ActiveCfg = Release|Any CPU
		{102205C6-1B94-43B3-9ADE-EA9DE0FB2C7F}.Release|Any CPU.Build.0 = Release|Any CPU
		{F70803C9-BA77-47C2-863C-543312E5B6CB}.Debug|Any CPU.ActiveCfg = Debug|Any CPU
		{F70803C9-BA77-47C2-863C-543312E5B6CB}.Debug|Any CPU.Build.0 = Debug|Any CPU
		{F70803C9-BA77-47C2-863C-543312E5B6CB}.Release|Any CPU.ActiveCfg = Release|Any CPU
		{F70803C9-BA77-47C2-863C-543312E5B6CB}.Release|Any CPU.Build.0 = Release|Any CPU
		{A57BDD8D-EF30-42DB-AC43-54D7681FFA7A}.Debug|Any CPU.ActiveCfg = Debug|Any CPU
		{A57BDD8D-EF30-42DB-AC43-54D7681FFA7A}.Debug|Any CPU.Build.0 = Debug|Any CPU
		{A57BDD8D-EF30-42DB-AC43-54D7681FFA7A}.Release|Any CPU.ActiveCfg = Release|Any CPU
		{A57BDD8D-EF30-42DB-AC43-54D7681FFA7A}.Release|Any CPU.Build.0 = Release|Any CPU
	EndGlobalSection
	GlobalSection(SolutionProperties) = preSolution
		HideSolutionNode = FALSE
	EndGlobalSection
	GlobalSection(ExtensibilityGlobals) = postSolution
		SolutionGuid = {DF2BA48D-D5F7-411E-82BF-F1973D71E048}
	EndGlobalSection
EndGlobal
